
Microsoft Visual Studio Solution File, Format Version 12.00
# Visual Studio 14
VisualStudioVersion = 14.0.23107.0
MinimumVisualStudioVersion = 10.0.40219.1
Project("{2150E333-8FDC-42A3-9474-1A3956D46DE8}") = "Client", "Client", "{9A93F1CB-1FF3-4512-A3E0-3A09C521E3A8}"
EndProject
Project("{2150E333-8FDC-42A3-9474-1A3956D46DE8}") = "Core Services", "Core Services", "{E97C39B0-2791-4CAE-8836-8AC415D95E03}"
EndProject
Project("{2150E333-8FDC-42A3-9474-1A3956D46DE8}") = "Persistence", "Persistence", "{940A76A4-811E-41B8-8431-02D706F2DA50}"
EndProject
Project("{00D1A9C2-B5F0-4AF3-8072-F6C62B433612}") = "HB.Data", "HB.Data\HB.Data.sqlproj", "{796066F8-20EF-4CD0-ADAE-46DC53921099}"
EndProject
Project("{FAE04EC0-301F-11D3-BF4B-00C04F79EFBC}") = "HB.Service.Hosts", "HB.Service.Hosts\HB.Service.Hosts.csproj", "{F28E3D9C-1B25-4F74-B255-8D713F5FD38F}"
EndProject
Project("{FAE04EC0-301F-11D3-BF4B-00C04F79EFBC}") = "HB.Services.Api", "HB.Service.Api\HB.Services.Api.csproj", "{81953F8D-8D08-48C6-86D8-70F9ADA480E4}"
EndProject
Project("{FAE04EC0-301F-11D3-BF4B-00C04F79EFBC}") = "HB.Services.Models", "HB.Service.Models\HB.Services.Models.csproj", "{28BC2872-874D-4DF2-83B3-61C1E8074568}"
EndProject
Project("{FAE04EC0-301F-11D3-BF4B-00C04F79EFBC}") = "HB.Services", "HB.Services\HB.Services.csproj", "{077C08BE-8647-4A30-B0E9-2F37369E1DDF}"
EndProject
Project("{FAE04EC0-301F-11D3-BF4B-00C04F79EFBC}") = "HB.Services.Tests", "HB.Services.Tests\HB.Services.Tests.csproj", "{86F17A6D-36E4-44A2-83DF-4BAD8FDB96D5}"
EndProject
Project("{FAE04EC0-301F-11D3-BF4B-00C04F79EFBC}") = "HB.Persistence", "HB.Repository\HB.Persistence.csproj", "{B8EC7E55-4C1D-46DC-B206-F0A86C8988FF}"
EndProject
Project("{FAE04EC0-301F-11D3-BF4B-00C04F79EFBC}") = "HB.Services.Mocks", "HB.Services.Mocks\HB.Services.Mocks.csproj", "{0D4127AD-D325-4996-9D35-9FE03B6E7961}"
EndProject
Project("{FAE04EC0-301F-11D3-BF4B-00C04F79EFBC}") = "HB.Web.Mvc", "HB.Web.Mvc\HB.Web.Mvc.csproj", "{955444C0-63FE-4294-982F-48E0066B8D7D}"
	ProjectSection(ProjectDependencies) = postProject
		{F28E3D9C-1B25-4F74-B255-8D713F5FD38F} = {F28E3D9C-1B25-4F74-B255-8D713F5FD38F}
	EndProjectSection
EndProject
Project("{FAE04EC0-301F-11D3-BF4B-00C04F79EFBC}") = "HB.Web.WebForms", "HB.Web.WebForms\HB.Web.WebForms.csproj", "{EA5A086B-B09B-4643-BC0F-C0C857C56BCA}"
EndProject
Project("{FAE04EC0-301F-11D3-BF4B-00C04F79EFBC}") = "HB.Web.Shared", "HB.Web.Shared\HB.Web.Shared.csproj", "{C854AA1A-D367-4D43-AC2A-4718FA7772B1}"
	ProjectSection(ProjectDependencies) = postProject
		{F28E3D9C-1B25-4F74-B255-8D713F5FD38F} = {F28E3D9C-1B25-4F74-B255-8D713F5FD38F}
	EndProjectSection
EndProject
Project("{FAE04EC0-301F-11D3-BF4B-00C04F79EFBC}") = "HB.Web.WebForms.Tests", "HB.Web.WebForms.Tests\HB.Web.WebForms.Tests.csproj", "{86A38211-D82F-4BC2-BFD7-B2CE2EE46594}"
EndProject
Project("{FAE04EC0-301F-11D3-BF4B-00C04F79EFBC}") = "HB.Web.Mvc.Tests", "HB.Web.Mvc.Tests\HB.Web.Mvc.Tests.csproj", "{5118BBEE-BE95-4B3A-B945-14524048333E}"
EndProject
Global
	GlobalSection(SolutionConfigurationPlatforms) = preSolution
		Debug|Any CPU = Debug|Any CPU
		Release|Any CPU = Release|Any CPU
	EndGlobalSection
	GlobalSection(ProjectConfigurationPlatforms) = postSolution
		{796066F8-20EF-4CD0-ADAE-46DC53921099}.Debug|Any CPU.ActiveCfg = Debug|Any CPU
		{796066F8-20EF-4CD0-ADAE-46DC53921099}.Debug|Any CPU.Build.0 = Debug|Any CPU
		{796066F8-20EF-4CD0-ADAE-46DC53921099}.Debug|Any CPU.Deploy.0 = Debug|Any CPU
		{796066F8-20EF-4CD0-ADAE-46DC53921099}.Release|Any CPU.ActiveCfg = Release|Any CPU
		{796066F8-20EF-4CD0-ADAE-46DC53921099}.Release|Any CPU.Build.0 = Release|Any CPU
		{796066F8-20EF-4CD0-ADAE-46DC53921099}.Release|Any CPU.Deploy.0 = Release|Any CPU
		{F28E3D9C-1B25-4F74-B255-8D713F5FD38F}.Debug|Any CPU.ActiveCfg = Debug|Any CPU
		{F28E3D9C-1B25-4F74-B255-8D713F5FD38F}.Debug|Any CPU.Build.0 = Debug|Any CPU
		{F28E3D9C-1B25-4F74-B255-8D713F5FD38F}.Release|Any CPU.ActiveCfg = Release|Any CPU
		{F28E3D9C-1B25-4F74-B255-8D713F5FD38F}.Release|Any CPU.Build.0 = Release|Any CPU
		{81953F8D-8D08-48C6-86D8-70F9ADA480E4}.Debug|Any CPU.ActiveCfg = Debug|Any CPU
		{81953F8D-8D08-48C6-86D8-70F9ADA480E4}.Debug|Any CPU.Build.0 = Debug|Any CPU
		{81953F8D-8D08-48C6-86D8-70F9ADA480E4}.Release|Any CPU.ActiveCfg = Release|Any CPU
		{81953F8D-8D08-48C6-86D8-70F9ADA480E4}.Release|Any CPU.Build.0 = Release|Any CPU
		{28BC2872-874D-4DF2-83B3-61C1E8074568}.Debug|Any CPU.ActiveCfg = Debug|Any CPU
		{28BC2872-874D-4DF2-83B3-61C1E8074568}.Debug|Any CPU.Build.0 = Debug|Any CPU
		{28BC2872-874D-4DF2-83B3-61C1E8074568}.Release|Any CPU.ActiveCfg = Release|Any CPU
		{28BC2872-874D-4DF2-83B3-61C1E8074568}.Release|Any CPU.Build.0 = Release|Any CPU
		{077C08BE-8647-4A30-B0E9-2F37369E1DDF}.Debug|Any CPU.ActiveCfg = Debug|Any CPU
		{077C08BE-8647-4A30-B0E9-2F37369E1DDF}.Debug|Any CPU.Build.0 = Debug|Any CPU
		{077C08BE-8647-4A30-B0E9-2F37369E1DDF}.Release|Any CPU.ActiveCfg = Release|Any CPU
		{077C08BE-8647-4A30-B0E9-2F37369E1DDF}.Release|Any CPU.Build.0 = Release|Any CPU
		{86F17A6D-36E4-44A2-83DF-4BAD8FDB96D5}.Debug|Any CPU.ActiveCfg = Debug|Any CPU
		{86F17A6D-36E4-44A2-83DF-4BAD8FDB96D5}.Debug|Any CPU.Build.0 = Debug|Any CPU
		{86F17A6D-36E4-44A2-83DF-4BAD8FDB96D5}.Release|Any CPU.ActiveCfg = Release|Any CPU
		{86F17A6D-36E4-44A2-83DF-4BAD8FDB96D5}.Release|Any CPU.Build.0 = Release|Any CPU
		{B8EC7E55-4C1D-46DC-B206-F0A86C8988FF}.Debug|Any CPU.ActiveCfg = Debug|Any CPU
		{B8EC7E55-4C1D-46DC-B206-F0A86C8988FF}.Debug|Any CPU.Build.0 = Debug|Any CPU
		{B8EC7E55-4C1D-46DC-B206-F0A86C8988FF}.Release|Any CPU.ActiveCfg = Release|Any CPU
		{B8EC7E55-4C1D-46DC-B206-F0A86C8988FF}.Release|Any CPU.Build.0 = Release|Any CPU
		{0D4127AD-D325-4996-9D35-9FE03B6E7961}.Debug|Any CPU.ActiveCfg = Debug|Any CPU
		{0D4127AD-D325-4996-9D35-9FE03B6E7961}.Debug|Any CPU.Build.0 = Debug|Any CPU
		{0D4127AD-D325-4996-9D35-9FE03B6E7961}.Release|Any CPU.ActiveCfg = Release|Any CPU
		{0D4127AD-D325-4996-9D35-9FE03B6E7961}.Release|Any CPU.Build.0 = Release|Any CPU
		{955444C0-63FE-4294-982F-48E0066B8D7D}.Debug|Any CPU.ActiveCfg = Debug|Any CPU
		{955444C0-63FE-4294-982F-48E0066B8D7D}.Debug|Any CPU.Build.0 = Debug|Any CPU
		{955444C0-63FE-4294-982F-48E0066B8D7D}.Release|Any CPU.ActiveCfg = Release|Any CPU
		{955444C0-63FE-4294-982F-48E0066B8D7D}.Release|Any CPU.Build.0 = Release|Any CPU
		{EA5A086B-B09B-4643-BC0F-C0C857C56BCA}.Debug|Any CPU.ActiveCfg = Debug|Any CPU
		{EA5A086B-B09B-4643-BC0F-C0C857C56BCA}.Debug|Any CPU.Build.0 = Debug|Any CPU
		{EA5A086B-B09B-4643-BC0F-C0C857C56BCA}.Release|Any CPU.ActiveCfg = Release|Any CPU
		{EA5A086B-B09B-4643-BC0F-C0C857C56BCA}.Release|Any CPU.Build.0 = Release|Any CPU
		{C854AA1A-D367-4D43-AC2A-4718FA7772B1}.Debug|Any CPU.ActiveCfg = Debug|Any CPU
		{C854AA1A-D367-4D43-AC2A-4718FA7772B1}.Debug|Any CPU.Build.0 = Debug|Any CPU
		{C854AA1A-D367-4D43-AC2A-4718FA7772B1}.Release|Any CPU.ActiveCfg = Release|Any CPU
		{C854AA1A-D367-4D43-AC2A-4718FA7772B1}.Release|Any CPU.Build.0 = Release|Any CPU
		{86A38211-D82F-4BC2-BFD7-B2CE2EE46594}.Debug|Any CPU.ActiveCfg = Debug|Any CPU
		{86A38211-D82F-4BC2-BFD7-B2CE2EE46594}.Debug|Any CPU.Build.0 = Debug|Any CPU
		{86A38211-D82F-4BC2-BFD7-B2CE2EE46594}.Release|Any CPU.ActiveCfg = Release|Any CPU
		{86A38211-D82F-4BC2-BFD7-B2CE2EE46594}.Release|Any CPU.Build.0 = Release|Any CPU
		{5118BBEE-BE95-4B3A-B945-14524048333E}.Debug|Any CPU.ActiveCfg = Debug|Any CPU
		{5118BBEE-BE95-4B3A-B945-14524048333E}.Debug|Any CPU.Build.0 = Debug|Any CPU
		{5118BBEE-BE95-4B3A-B945-14524048333E}.Release|Any CPU.ActiveCfg = Release|Any CPU
		{5118BBEE-BE95-4B3A-B945-14524048333E}.Release|Any CPU.Build.0 = Release|Any CPU
	EndGlobalSection
	GlobalSection(SolutionProperties) = preSolution
		HideSolutionNode = FALSE
	EndGlobalSection
	GlobalSection(NestedProjects) = preSolution
		{796066F8-20EF-4CD0-ADAE-46DC53921099} = {940A76A4-811E-41B8-8431-02D706F2DA50}
		{F28E3D9C-1B25-4F74-B255-8D713F5FD38F} = {E97C39B0-2791-4CAE-8836-8AC415D95E03}
		{81953F8D-8D08-48C6-86D8-70F9ADA480E4} = {E97C39B0-2791-4CAE-8836-8AC415D95E03}
		{28BC2872-874D-4DF2-83B3-61C1E8074568} = {E97C39B0-2791-4CAE-8836-8AC415D95E03}
		{077C08BE-8647-4A30-B0E9-2F37369E1DDF} = {E97C39B0-2791-4CAE-8836-8AC415D95E03}
		{86F17A6D-36E4-44A2-83DF-4BAD8FDB96D5} = {E97C39B0-2791-4CAE-8836-8AC415D95E03}
		{B8EC7E55-4C1D-46DC-B206-F0A86C8988FF} = {940A76A4-811E-41B8-8431-02D706F2DA50}
		{0D4127AD-D325-4996-9D35-9FE03B6E7961} = {E97C39B0-2791-4CAE-8836-8AC415D95E03}
		{955444C0-63FE-4294-982F-48E0066B8D7D} = {9A93F1CB-1FF3-4512-A3E0-3A09C521E3A8}
		{EA5A086B-B09B-4643-BC0F-C0C857C56BCA} = {9A93F1CB-1FF3-4512-A3E0-3A09C521E3A8}
		{C854AA1A-D367-4D43-AC2A-4718FA7772B1} = {9A93F1CB-1FF3-4512-A3E0-3A09C521E3A8}
		{86A38211-D82F-4BC2-BFD7-B2CE2EE46594} = {9A93F1CB-1FF3-4512-A3E0-3A09C521E3A8}
		{5118BBEE-BE95-4B3A-B945-14524048333E} = {9A93F1CB-1FF3-4512-A3E0-3A09C521E3A8}
	EndGlobalSection
	GlobalSection(ExtensibilityGlobals) = postSolution
		EnterpriseLibraryConfigurationToolBinariesPath = packages\Unity.2.1.505.2\lib\NET35
	EndGlobalSection
EndGlobal
